
Microsoft Visual Studio Solution File, Format Version 12.00
# Visual Studio Version 16
VisualStudioVersion = 16.0.29021.104
MinimumVisualStudioVersion = 10.0.40219.1
Project("{9A19103F-16F7-4668-BE54-9A1E7A4F7556}") = "Natsu.Compiler", "src\Natsu.Compiler\Natsu.Compiler.csproj", "{AC6248DB-5117-4C47-A3E7-D0B7E6258F6B}"
	ProjectSection(ProjectDependencies) = postProject
		{54C1C11C-300D-4CEC-AE9D-E669C2B2D6C7} = {54C1C11C-300D-4CEC-AE9D-E669C2B2D6C7}
		{20125757-15CC-45F2-8C78-DBB8FB736258} = {20125757-15CC-45F2-8C78-DBB8FB736258}
		{A4CE4A60-2E56-4712-901B-8E5FA1354FD6} = {A4CE4A60-2E56-4712-901B-8E5FA1354FD6}
		{9D224463-2FCE-4C20-B036-7600FC66969A} = {9D224463-2FCE-4C20-B036-7600FC66969A}
		{20176878-F31F-4D92-918C-9FD58CDD7480} = {20176878-F31F-4D92-918C-9FD58CDD7480}
		{7374FA7F-5B76-40C8-8F8F-EB9CA53A8C2F} = {7374FA7F-5B76-40C8-8F8F-EB9CA53A8C2F}
		{A18A0788-13D2-49A3-908D-6DBBCB5A739C} = {A18A0788-13D2-49A3-908D-6DBBCB5A739C}
		{ADE6DF88-5CAF-4BD5-86E5-4C9F8DF09CDF} = {ADE6DF88-5CAF-4BD5-86E5-4C9F8DF09CDF}
		{C4408589-968A-43B3-83A6-AF02D1BAA293} = {C4408589-968A-43B3-83A6-AF02D1BAA293}
		{8309558E-335D-4662-B56B-11AFD5E1C1C3} = {8309558E-335D-4662-B56B-11AFD5E1C1C3}
		{357BCAA3-32A6-41E3-A616-57CE73470C1B} = {357BCAA3-32A6-41E3-A616-57CE73470C1B}
		{FE1EA2B2-2DF7-4570-9710-AF31D00DF2F6} = {FE1EA2B2-2DF7-4570-9710-AF31D00DF2F6}
		{2C03C9E9-3EE6-4F74-8BF7-C9040E9E4A14} = {2C03C9E9-3EE6-4F74-8BF7-C9040E9E4A14}
		{D261F7EB-5A98-4D47-B34B-D13B27A6988E} = {D261F7EB-5A98-4D47-B34B-D13B27A6988E}
		{CF7D1BFB-188E-452A-B806-5BCAEBF42400} = {CF7D1BFB-188E-452A-B806-5BCAEBF42400}
		{E7F325FF-7C85-4C64-8E96-E06AE3A5238D} = {E7F325FF-7C85-4C64-8E96-E06AE3A5238D}
	EndProjectSection
EndProject
Project("{9A19103F-16F7-4668-BE54-9A1E7A4F7556}") = "Chino.Kernel", "src\Chino.Kernel\Chino.Kernel.csproj", "{7374FA7F-5B76-40C8-8F8F-EB9CA53A8C2F}"
EndProject
Project("{9A19103F-16F7-4668-BE54-9A1E7A4F7556}") = "System.Runtime", "src\System.Runtime\System.Runtime.csproj", "{A4CE4A60-2E56-4712-901B-8E5FA1354FD6}"
EndProject
Project("{9A19103F-16F7-4668-BE54-9A1E7A4F7556}") = "System.Diagnostics.Debug", "src\System.Diagnostics.Debug\System.Diagnostics.Debug.csproj", "{2C03C9E9-3EE6-4F74-8BF7-C9040E9E4A14}"
EndProject
Project("{9A19103F-16F7-4668-BE54-9A1E7A4F7556}") = "ResX2CS", "src\ResX2CS\ResX2CS.csproj", "{946AE4FB-641C-4EB0-B2FE-C0E86E776AA9}"
EndProject
Project("{9A19103F-16F7-4668-BE54-9A1E7A4F7556}") = "Chino.Chip.K210", "src\Chino.Chip.K210\Chino.Chip.K210.csproj", "{C4408589-968A-43B3-83A6-AF02D1BAA293}"
EndProject
Project("{9A19103F-16F7-4668-BE54-9A1E7A4F7556}") = "Chino.Core", "src\Chino.Core\Chino.Core.csproj", "{20176878-F31F-4D92-918C-9FD58CDD7480}"
EndProject
Project("{9A19103F-16F7-4668-BE54-9A1E7A4F7556}") = "System.Runtime.InteropServices", "src\System.Runtime.InteropServices\System.Runtime.InteropServices.csproj", "{D261F7EB-5A98-4D47-B34B-D13B27A6988E}"
EndProject
Project("{9A19103F-16F7-4668-BE54-9A1E7A4F7556}") = "Chino.Chip.Emulator", "src\Chino.Chip.Emulator\Chino.Chip.Emulator.csproj", "{E7F325FF-7C85-4C64-8E96-E06AE3A5238D}"
EndProject
Project("{9A19103F-16F7-4668-BE54-9A1E7A4F7556}") = "System.Threading", "src\System.Threading\System.Threading.csproj", "{FE1EA2B2-2DF7-4570-9710-AF31D00DF2F6}"
EndProject
Project("{2150E333-8FDC-42A3-9474-1A3956D46DE8}") = "src", "src", "{898F8F18-37B6-4D6C-927D-08F1FBC2672C}"
EndProject
Project("{2150E333-8FDC-42A3-9474-1A3956D46DE8}") = "tesst", "tesst", "{1CA5CB48-2E78-4BEE-9A07-FDFA3AD6C45D}"
EndProject
Project("{9A19103F-16F7-4668-BE54-9A1E7A4F7556}") = "ChinoTest", "tests\ChinoTest\ChinoTest.csproj", "{12EFCA48-076F-41A2-99F0-BFEB5C249ED2}"
EndProject
Project("{9A19103F-16F7-4668-BE54-9A1E7A4F7556}") = "System.Runtime.Extensions", "src\System.Runtime.Extensions\System.Runtime.Extensions.csproj", "{CF7D1BFB-188E-452A-B806-5BCAEBF42400}"
EndProject
Project("{9A19103F-16F7-4668-BE54-9A1E7A4F7556}") = "System.Memory", "src\System.Memory\System.Memory.csproj", "{357BCAA3-32A6-41E3-A616-57CE73470C1B}"
EndProject
Project("{9A19103F-16F7-4668-BE54-9A1E7A4F7556}") = "System.Collections", "src\System.Collections\System.Collections.csproj", "{9D224463-2FCE-4C20-B036-7600FC66969A}"
EndProject
Project("{9A19103F-16F7-4668-BE54-9A1E7A4F7556}") = "System.Threading.Thread", "src\System.Threading.Thread\System.Threading.Thread.csproj", "{54C1C11C-300D-4CEC-AE9D-E669C2B2D6C7}"
EndProject
Project("{9A19103F-16F7-4668-BE54-9A1E7A4F7556}") = "System.Private.CoreLib", "src\System.Private.CoreLib\System.Private.CoreLib.csproj", "{8309558E-335D-4662-B56B-11AFD5E1C1C3}"
EndProject
Project("{9A19103F-16F7-4668-BE54-9A1E7A4F7556}") = "System.Diagnostics.Process", "src\System.Diagnostics.Process\System.Diagnostics.Process.csproj", "{ADE6DF88-5CAF-4BD5-86E5-4C9F8DF09CDF}"
EndProject
Project("{9A19103F-16F7-4668-BE54-9A1E7A4F7556}") = "Chino.Threading", "src\Chino.Threading\Chino.Threading.csproj", "{582D3E3F-9D86-41D8-8D05-97074629D387}"
EndProject
Project("{9A19103F-16F7-4668-BE54-9A1E7A4F7556}") = "Chino.IO", "src\Chino.IO\Chino.IO.csproj", "{46AE660F-741C-494C-AD8F-D3AB8496F78A}"
EndProject
Project("{2150E333-8FDC-42A3-9474-1A3956D46DE8}") = "apps", "apps", "{A4BE5D01-6299-49F5-9412-5A3DCBC89E32}"
EndProject
Project("{9A19103F-16F7-4668-BE54-9A1E7A4F7556}") = "Chino.Apps.Shell", "src\apps\Chino.Apps.Shell\Chino.Apps.Shell.csproj", "{20125757-15CC-45F2-8C78-DBB8FB736258}"
EndProject
Project("{9A19103F-16F7-4668-BE54-9A1E7A4F7556}") = "System.Console", "src\System.Console\System.Console.csproj", "{A18A0788-13D2-49A3-908D-6DBBCB5A739C}"
EndProject
Project("{2150E333-8FDC-42A3-9474-1A3956D46DE8}") = "Common", "Common", "{0C36851C-08B3-45BA-A993-AF79FD0BF416}"
EndProject
Project("{2150E333-8FDC-42A3-9474-1A3956D46DE8}") = "System", "System", "{0F5B0978-D83F-4C2B-A430-2575A270A3B7}"
EndProject
Project("{2150E333-8FDC-42A3-9474-1A3956D46DE8}") = "Collections", "Collections", "{F5D57B24-C21A-4933-BB3D-78FA14BC74A8}"
EndProject
Project("{2150E333-8FDC-42A3-9474-1A3956D46DE8}") = "Generic", "Generic", "{9A91258A-92D5-4893-AB4F-2A9C3F1E1671}"
	ProjectSection(SolutionItems) = preProject
		src\Common\System\Collections\Generic\EnumerableHelpers.cs = src\Common\System\Collections\Generic\EnumerableHelpers.cs
	EndProjectSection
EndProject
Project("{2150E333-8FDC-42A3-9474-1A3956D46DE8}") = "Text", "Text", "{C3A73929-6C2C-4351-98AE-FE0B066D19A1}"
	ProjectSection(SolutionItems) = preProject
		src\Common\System\Text\ConsoleEncoding.cs = src\Common\System\Text\ConsoleEncoding.cs
		src\Common\System\Text\StringBuilderCache.cs = src\Common\System\Text\StringBuilderCache.cs
		src\Common\System\Text\StringOrCharArray.cs = src\Common\System\Text\StringOrCharArray.cs
	EndProjectSection
EndProject
Project("{9A19103F-16F7-4668-BE54-9A1E7A4F7556}") = "Chino.Interop", "src\Chino.Interop\Chino.Interop.csproj", "{8EC8AF70-7C81-44A1-A8FC-F4BAD05049B8}"
EndProject
Global
	GlobalSection(SolutionConfigurationPlatforms) = preSolution
		Debug|Any CPU = Debug|Any CPU
		Release|Any CPU = Release|Any CPU
	EndGlobalSection
	GlobalSection(ProjectConfigurationPlatforms) = postSolution
		{AC6248DB-5117-4C47-A3E7-D0B7E6258F6B}.Debug|Any CPU.ActiveCfg = Debug|Any CPU
		{AC6248DB-5117-4C47-A3E7-D0B7E6258F6B}.Debug|Any CPU.Build.0 = Debug|Any CPU
		{AC6248DB-5117-4C47-A3E7-D0B7E6258F6B}.Release|Any CPU.ActiveCfg = Release|Any CPU
		{AC6248DB-5117-4C47-A3E7-D0B7E6258F6B}.Release|Any CPU.Build.0 = Release|Any CPU
		{7374FA7F-5B76-40C8-8F8F-EB9CA53A8C2F}.Debug|Any CPU.ActiveCfg = Debug|Any CPU
		{7374FA7F-5B76-40C8-8F8F-EB9CA53A8C2F}.Debug|Any CPU.Build.0 = Debug|Any CPU
		{7374FA7F-5B76-40C8-8F8F-EB9CA53A8C2F}.Release|Any CPU.ActiveCfg = Release|Any CPU
		{7374FA7F-5B76-40C8-8F8F-EB9CA53A8C2F}.Release|Any CPU.Build.0 = Release|Any CPU
		{A4CE4A60-2E56-4712-901B-8E5FA1354FD6}.Debug|Any CPU.ActiveCfg = Debug|Any CPU
		{A4CE4A60-2E56-4712-901B-8E5FA1354FD6}.Debug|Any CPU.Build.0 = Debug|Any CPU
		{A4CE4A60-2E56-4712-901B-8E5FA1354FD6}.Release|Any CPU.ActiveCfg = Release|Any CPU
		{A4CE4A60-2E56-4712-901B-8E5FA1354FD6}.Release|Any CPU.Build.0 = Release|Any CPU
		{2C03C9E9-3EE6-4F74-8BF7-C9040E9E4A14}.Debug|Any CPU.ActiveCfg = Debug|Any CPU
		{2C03C9E9-3EE6-4F74-8BF7-C9040E9E4A14}.Debug|Any CPU.Build.0 = Debug|Any CPU
		{2C03C9E9-3EE6-4F74-8BF7-C9040E9E4A14}.Release|Any CPU.ActiveCfg = Release|Any CPU
		{2C03C9E9-3EE6-4F74-8BF7-C9040E9E4A14}.Release|Any CPU.Build.0 = Release|Any CPU
		{946AE4FB-641C-4EB0-B2FE-C0E86E776AA9}.Debug|Any CPU.ActiveCfg = Debug|Any CPU
		{946AE4FB-641C-4EB0-B2FE-C0E86E776AA9}.Debug|Any CPU.Build.0 = Debug|Any CPU
		{946AE4FB-641C-4EB0-B2FE-C0E86E776AA9}.Release|Any CPU.ActiveCfg = Release|Any CPU
		{946AE4FB-641C-4EB0-B2FE-C0E86E776AA9}.Release|Any CPU.Build.0 = Release|Any CPU
		{C4408589-968A-43B3-83A6-AF02D1BAA293}.Debug|Any CPU.ActiveCfg = Debug|Any CPU
		{C4408589-968A-43B3-83A6-AF02D1BAA293}.Debug|Any CPU.Build.0 = Debug|Any CPU
		{C4408589-968A-43B3-83A6-AF02D1BAA293}.Release|Any CPU.ActiveCfg = Release|Any CPU
		{C4408589-968A-43B3-83A6-AF02D1BAA293}.Release|Any CPU.Build.0 = Release|Any CPU
		{20176878-F31F-4D92-918C-9FD58CDD7480}.Debug|Any CPU.ActiveCfg = Debug|Any CPU
		{20176878-F31F-4D92-918C-9FD58CDD7480}.Debug|Any CPU.Build.0 = Debug|Any CPU
		{20176878-F31F-4D92-918C-9FD58CDD7480}.Release|Any CPU.ActiveCfg = Release|Any CPU
		{20176878-F31F-4D92-918C-9FD58CDD7480}.Release|Any CPU.Build.0 = Release|Any CPU
		{D261F7EB-5A98-4D47-B34B-D13B27A6988E}.Debug|Any CPU.ActiveCfg = Debug|Any CPU
		{D261F7EB-5A98-4D47-B34B-D13B27A6988E}.Debug|Any CPU.Build.0 = Debug|Any CPU
		{D261F7EB-5A98-4D47-B34B-D13B27A6988E}.Release|Any CPU.ActiveCfg = Release|Any CPU
		{D261F7EB-5A98-4D47-B34B-D13B27A6988E}.Release|Any CPU.Build.0 = Release|Any CPU
		{E7F325FF-7C85-4C64-8E96-E06AE3A5238D}.Debug|Any CPU.ActiveCfg = Debug|Any CPU
		{E7F325FF-7C85-4C64-8E96-E06AE3A5238D}.Debug|Any CPU.Build.0 = Debug|Any CPU
		{E7F325FF-7C85-4C64-8E96-E06AE3A5238D}.Release|Any CPU.ActiveCfg = Release|Any CPU
		{E7F325FF-7C85-4C64-8E96-E06AE3A5238D}.Release|Any CPU.Build.0 = Release|Any CPU
		{FE1EA2B2-2DF7-4570-9710-AF31D00DF2F6}.Debug|Any CPU.ActiveCfg = Debug|Any CPU
		{FE1EA2B2-2DF7-4570-9710-AF31D00DF2F6}.Debug|Any CPU.Build.0 = Debug|Any CPU
		{FE1EA2B2-2DF7-4570-9710-AF31D00DF2F6}.Release|Any CPU.ActiveCfg = Release|Any CPU
		{FE1EA2B2-2DF7-4570-9710-AF31D00DF2F6}.Release|Any CPU.Build.0 = Release|Any CPU
		{12EFCA48-076F-41A2-99F0-BFEB5C249ED2}.Debug|Any CPU.ActiveCfg = Debug|Any CPU
		{12EFCA48-076F-41A2-99F0-BFEB5C249ED2}.Debug|Any CPU.Build.0 = Debug|Any CPU
		{12EFCA48-076F-41A2-99F0-BFEB5C249ED2}.Release|Any CPU.ActiveCfg = Release|Any CPU
		{12EFCA48-076F-41A2-99F0-BFEB5C249ED2}.Release|Any CPU.Build.0 = Release|Any CPU
		{CF7D1BFB-188E-452A-B806-5BCAEBF42400}.Debug|Any CPU.ActiveCfg = Debug|Any CPU
		{CF7D1BFB-188E-452A-B806-5BCAEBF42400}.Debug|Any CPU.Build.0 = Debug|Any CPU
		{CF7D1BFB-188E-452A-B806-5BCAEBF42400}.Release|Any CPU.ActiveCfg = Release|Any CPU
		{CF7D1BFB-188E-452A-B806-5BCAEBF42400}.Release|Any CPU.Build.0 = Release|Any CPU
		{357BCAA3-32A6-41E3-A616-57CE73470C1B}.Debug|Any CPU.ActiveCfg = Debug|Any CPU
		{357BCAA3-32A6-41E3-A616-57CE73470C1B}.Debug|Any CPU.Build.0 = Debug|Any CPU
		{357BCAA3-32A6-41E3-A616-57CE73470C1B}.Release|Any CPU.ActiveCfg = Release|Any CPU
		{357BCAA3-32A6-41E3-A616-57CE73470C1B}.Release|Any CPU.Build.0 = Release|Any CPU
		{9D224463-2FCE-4C20-B036-7600FC66969A}.Debug|Any CPU.ActiveCfg = Debug|Any CPU
		{9D224463-2FCE-4C20-B036-7600FC66969A}.Debug|Any CPU.Build.0 = Debug|Any CPU
		{9D224463-2FCE-4C20-B036-7600FC66969A}.Release|Any CPU.ActiveCfg = Release|Any CPU
		{9D224463-2FCE-4C20-B036-7600FC66969A}.Release|Any CPU.Build.0 = Release|Any CPU
		{54C1C11C-300D-4CEC-AE9D-E669C2B2D6C7}.Debug|Any CPU.ActiveCfg = Debug|Any CPU
		{54C1C11C-300D-4CEC-AE9D-E669C2B2D6C7}.Debug|Any CPU.Build.0 = Debug|Any CPU
		{54C1C11C-300D-4CEC-AE9D-E669C2B2D6C7}.Release|Any CPU.ActiveCfg = Release|Any CPU
		{54C1C11C-300D-4CEC-AE9D-E669C2B2D6C7}.Release|Any CPU.Build.0 = Release|Any CPU
		{8309558E-335D-4662-B56B-11AFD5E1C1C3}.Debug|Any CPU.ActiveCfg = Debug|Any CPU
		{8309558E-335D-4662-B56B-11AFD5E1C1C3}.Debug|Any CPU.Build.0 = Debug|Any CPU
		{8309558E-335D-4662-B56B-11AFD5E1C1C3}.Release|Any CPU.ActiveCfg = Release|Any CPU
		{8309558E-335D-4662-B56B-11AFD5E1C1C3}.Release|Any CPU.Build.0 = Release|Any CPU
		{ADE6DF88-5CAF-4BD5-86E5-4C9F8DF09CDF}.Debug|Any CPU.ActiveCfg = Debug|Any CPU
		{ADE6DF88-5CAF-4BD5-86E5-4C9F8DF09CDF}.Debug|Any CPU.Build.0 = Debug|Any CPU
		{ADE6DF88-5CAF-4BD5-86E5-4C9F8DF09CDF}.Release|Any CPU.ActiveCfg = Release|Any CPU
		{ADE6DF88-5CAF-4BD5-86E5-4C9F8DF09CDF}.Release|Any CPU.Build.0 = Release|Any CPU
		{582D3E3F-9D86-41D8-8D05-97074629D387}.Debug|Any CPU.ActiveCfg = Debug|Any CPU
		{582D3E3F-9D86-41D8-8D05-97074629D387}.Debug|Any CPU.Build.0 = Debug|Any CPU
		{582D3E3F-9D86-41D8-8D05-97074629D387}.Release|Any CPU.ActiveCfg = Release|Any CPU
		{582D3E3F-9D86-41D8-8D05-97074629D387}.Release|Any CPU.Build.0 = Release|Any CPU
		{46AE660F-741C-494C-AD8F-D3AB8496F78A}.Debug|Any CPU.ActiveCfg = Debug|Any CPU
		{46AE660F-741C-494C-AD8F-D3AB8496F78A}.Debug|Any CPU.Build.0 = Debug|Any CPU
		{46AE660F-741C-494C-AD8F-D3AB8496F78A}.Release|Any CPU.ActiveCfg = Release|Any CPU
		{46AE660F-741C-494C-AD8F-D3AB8496F78A}.Release|Any CPU.Build.0 = Release|Any CPU
		{20125757-15CC-45F2-8C78-DBB8FB736258}.Debug|Any CPU.ActiveCfg = Debug|Any CPU
		{20125757-15CC-45F2-8C78-DBB8FB736258}.Debug|Any CPU.Build.0 = Debug|Any CPU
		{20125757-15CC-45F2-8C78-DBB8FB736258}.Release|Any CPU.ActiveCfg = Release|Any CPU
		{20125757-15CC-45F2-8C78-DBB8FB736258}.Release|Any CPU.Build.0 = Release|Any CPU
		{A18A0788-13D2-49A3-908D-6DBBCB5A739C}.Debug|Any CPU.ActiveCfg = Debug|Any CPU
		{A18A0788-13D2-49A3-908D-6DBBCB5A739C}.Debug|Any CPU.Build.0 = Debug|Any CPU
		{A18A0788-13D2-49A3-908D-6DBBCB5A739C}.Release|Any CPU.ActiveCfg = Release|Any CPU
		{A18A0788-13D2-49A3-908D-6DBBCB5A739C}.Release|Any CPU.Build.0 = Release|Any CPU
		{8EC8AF70-7C81-44A1-A8FC-F4BAD05049B8}.Debug|Any CPU.ActiveCfg = Debug|Any CPU
		{8EC8AF70-7C81-44A1-A8FC-F4BAD05049B8}.Debug|Any CPU.Build.0 = Debug|Any CPU
		{8EC8AF70-7C81-44A1-A8FC-F4BAD05049B8}.Release|Any CPU.ActiveCfg = Release|Any CPU
		{8EC8AF70-7C81-44A1-A8FC-F4BAD05049B8}.Release|Any CPU.Build.0 = Release|Any CPU
	EndGlobalSection
	GlobalSection(SolutionProperties) = preSolution
		HideSolutionNode = FALSE
	EndGlobalSection
	GlobalSection(NestedProjects) = preSolution
		{AC6248DB-5117-4C47-A3E7-D0B7E6258F6B} = {898F8F18-37B6-4D6C-927D-08F1FBC2672C}
		{7374FA7F-5B76-40C8-8F8F-EB9CA53A8C2F} = {898F8F18-37B6-4D6C-927D-08F1FBC2672C}
		{A4CE4A60-2E56-4712-901B-8E5FA1354FD6} = {898F8F18-37B6-4D6C-927D-08F1FBC2672C}
		{2C03C9E9-3EE6-4F74-8BF7-C9040E9E4A14} = {898F8F18-37B6-4D6C-927D-08F1FBC2672C}
		{946AE4FB-641C-4EB0-B2FE-C0E86E776AA9} = {898F8F18-37B6-4D6C-927D-08F1FBC2672C}
		{C4408589-968A-43B3-83A6-AF02D1BAA293} = {898F8F18-37B6-4D6C-927D-08F1FBC2672C}
		{20176878-F31F-4D92-918C-9FD58CDD7480} = {898F8F18-37B6-4D6C-927D-08F1FBC2672C}
		{D261F7EB-5A98-4D47-B34B-D13B27A6988E} = {898F8F18-37B6-4D6C-927D-08F1FBC2672C}
		{E7F325FF-7C85-4C64-8E96-E06AE3A5238D} = {898F8F18-37B6-4D6C-927D-08F1FBC2672C}
		{FE1EA2B2-2DF7-4570-9710-AF31D00DF2F6} = {898F8F18-37B6-4D6C-927D-08F1FBC2672C}
		{12EFCA48-076F-41A2-99F0-BFEB5C249ED2} = {1CA5CB48-2E78-4BEE-9A07-FDFA3AD6C45D}
		{CF7D1BFB-188E-452A-B806-5BCAEBF42400} = {898F8F18-37B6-4D6C-927D-08F1FBC2672C}
		{357BCAA3-32A6-41E3-A616-57CE73470C1B} = {898F8F18-37B6-4D6C-927D-08F1FBC2672C}
		{9D224463-2FCE-4C20-B036-7600FC66969A} = {898F8F18-37B6-4D6C-927D-08F1FBC2672C}
		{54C1C11C-300D-4CEC-AE9D-E669C2B2D6C7} = {898F8F18-37B6-4D6C-927D-08F1FBC2672C}
		{8309558E-335D-4662-B56B-11AFD5E1C1C3} = {898F8F18-37B6-4D6C-927D-08F1FBC2672C}
		{ADE6DF88-5CAF-4BD5-86E5-4C9F8DF09CDF} = {898F8F18-37B6-4D6C-927D-08F1FBC2672C}
		{582D3E3F-9D86-41D8-8D05-97074629D387} = {898F8F18-37B6-4D6C-927D-08F1FBC2672C}
		{46AE660F-741C-494C-AD8F-D3AB8496F78A} = {898F8F18-37B6-4D6C-927D-08F1FBC2672C}
		{A4BE5D01-6299-49F5-9412-5A3DCBC89E32} = {898F8F18-37B6-4D6C-927D-08F1FBC2672C}
		{20125757-15CC-45F2-8C78-DBB8FB736258} = {A4BE5D01-6299-49F5-9412-5A3DCBC89E32}
		{A18A0788-13D2-49A3-908D-6DBBCB5A739C} = {898F8F18-37B6-4D6C-927D-08F1FBC2672C}
		{0C36851C-08B3-45BA-A993-AF79FD0BF416} = {898F8F18-37B6-4D6C-927D-08F1FBC2672C}
		{0F5B0978-D83F-4C2B-A430-2575A270A3B7} = {0C36851C-08B3-45BA-A993-AF79FD0BF416}
		{F5D57B24-C21A-4933-BB3D-78FA14BC74A8} = {0F5B0978-D83F-4C2B-A430-2575A270A3B7}
		{9A91258A-92D5-4893-AB4F-2A9C3F1E1671} = {F5D57B24-C21A-4933-BB3D-78FA14BC74A8}
		{C3A73929-6C2C-4351-98AE-FE0B066D19A1} = {0F5B0978-D83F-4C2B-A430-2575A270A3B7}
		{8EC8AF70-7C81-44A1-A8FC-F4BAD05049B8} = {898F8F18-37B6-4D6C-927D-08F1FBC2672C}
	EndGlobalSection
	GlobalSection(ExtensibilityGlobals) = postSolution
		SolutionGuid = {429BE0BD-F176-4959-97F3-6F657A877050}
	EndGlobalSection
EndGlobal
