
Microsoft Visual Studio Solution File, Format Version 12.00
# Visual Studio Version 16
VisualStudioVersion = 16.0.29021.104
MinimumVisualStudioVersion = 10.0.40219.1
Project("{9A19103F-16F7-4668-BE54-9A1E7A4F7556}") = "Natsu.Compiler", "Natsu.Compiler\Natsu.Compiler.csproj", "{AC6248DB-5117-4C47-A3E7-D0B7E6258F6B}"
EndProject
Project("{9A19103F-16F7-4668-BE54-9A1E7A4F7556}") = "System.Private.CorLib", "System.Private.CorLib\System.Private.CorLib.csproj", "{CE15C733-B010-41FD-B1B6-D0D4327F0653}"
EndProject
Global
	GlobalSection(SolutionConfigurationPlatforms) = preSolution
		Debug|Any CPU = Debug|Any CPU
		Release|Any CPU = Release|Any CPU
	EndGlobalSection
	GlobalSection(ProjectConfigurationPlatforms) = postSolution
		{AC6248DB-5117-4C47-A3E7-D0B7E6258F6B}.Debug|Any CPU.ActiveCfg = Debug|Any CPU
		{AC6248DB-5117-4C47-A3E7-D0B7E6258F6B}.Debug|Any CPU.Build.0 = Debug|Any CPU
		{AC6248DB-5117-4C47-A3E7-D0B7E6258F6B}.Release|Any CPU.ActiveCfg = Release|Any CPU
		{AC6248DB-5117-4C47-A3E7-D0B7E6258F6B}.Release|Any CPU.Build.0 = Release|Any CPU
		{CE15C733-B010-41FD-B1B6-D0D4327F0653}.Debug|Any CPU.ActiveCfg = Debug|Any CPU
		{CE15C733-B010-41FD-B1B6-D0D4327F0653}.Debug|Any CPU.Build.0 = Debug|Any CPU
		{CE15C733-B010-41FD-B1B6-D0D4327F0653}.Release|Any CPU.ActiveCfg = Release|Any CPU
		{CE15C733-B010-41FD-B1B6-D0D4327F0653}.Release|Any CPU.Build.0 = Release|Any CPU
	EndGlobalSection
	GlobalSection(SolutionProperties) = preSolution
		HideSolutionNode = FALSE
	EndGlobalSection
	GlobalSection(ExtensibilityGlobals) = postSolution
		SolutionGuid = {429BE0BD-F176-4959-97F3-6F657A877050}
	EndGlobalSection
EndGlobal
